
Microsoft Visual Studio Solution File, Format Version 12.00
# Visual Studio Version 16
VisualStudioVersion = 16.0.31729.503
MinimumVisualStudioVersion = 10.0.40219.1
Project("{9A19103F-16F7-4668-BE54-9A1E7A4F7556}") = "crudSqlite", "crudSqlite\crudSqlite.csproj", "{34DD6003-2382-4893-84A1-F922F6AACA9F}"
EndProject
Project("{FAE04EC0-301F-11D3-BF4B-00C04F79EFBC}") = "wsProductos", "wsProducto\wsProductos.csproj", "{BA39F582-A2D1-4D96-89A1-FA01326C9ED8}"
EndProject
Global
	GlobalSection(SolutionConfigurationPlatforms) = preSolution
		Debug|Any CPU = Debug|Any CPU
		Release|Any CPU = Release|Any CPU
	EndGlobalSection
	GlobalSection(ProjectConfigurationPlatforms) = postSolution
		{34DD6003-2382-4893-84A1-F922F6AACA9F}.Debug|Any CPU.ActiveCfg = Debug|Any CPU
		{34DD6003-2382-4893-84A1-F922F6AACA9F}.Debug|Any CPU.Build.0 = Debug|Any CPU
		{34DD6003-2382-4893-84A1-F922F6AACA9F}.Release|Any CPU.ActiveCfg = Release|Any CPU
		{34DD6003-2382-4893-84A1-F922F6AACA9F}.Release|Any CPU.Build.0 = Release|Any CPU
		{BA39F582-A2D1-4D96-89A1-FA01326C9ED8}.Debug|Any CPU.ActiveCfg = Debug|Any CPU
		{BA39F582-A2D1-4D96-89A1-FA01326C9ED8}.Debug|Any CPU.Build.0 = Debug|Any CPU
		{BA39F582-A2D1-4D96-89A1-FA01326C9ED8}.Release|Any CPU.ActiveCfg = Release|Any CPU
		{BA39F582-A2D1-4D96-89A1-FA01326C9ED8}.Release|Any CPU.Build.0 = Release|Any CPU
	EndGlobalSection
	GlobalSection(SolutionProperties) = preSolution
		HideSolutionNode = FALSE
	EndGlobalSection
	GlobalSection(ExtensibilityGlobals) = postSolution
		SolutionGuid = {EAD14E5A-69C2-4BEB-944F-61FBD4AB4FC0}
	EndGlobalSection
EndGlobal
